// !$*UTF8*$!
{
	archiveVersion = 1;
	classes = {
	};
	objectVersion = 46;
	objects = {
/* Begin PBXBuildFile section */
		0207DA581B56EA530066E2B4 /* Images.xcassets in Resources */ = {isa = PBXBuildFile; fileRef = 0207DA571B56EA530066E2B4 /* Images.xcassets */; };
		1221A6299506415EB116AD12 /* AssetBundle.swift in Sources */ = {isa = PBXBuildFile; fileRef = 51B8F87A10F84CEA9DF5AC1D /* AssetBundle.swift */; };
		169F4B23888C41BC88D5DABE /* GCDWebServerRequest.m in Sources */ = {isa = PBXBuildFile; fileRef = 9180AF03EC26427890DB50ED /* GCDWebServerRequest.m */; };
		1D3623260D0F684500981E51 /* AppDelegate.m in Sources */ = {isa = PBXBuildFile; fileRef = 1D3623250D0F684500981E51 /* AppDelegate.m */; };
		1D60589B0D05DD56006BFB54 /* main.m in Sources */ = {isa = PBXBuildFile; fileRef = 29B97316FDCFA39411CA2CEA /* main.m */; };
		21AF9E0F611C4232BA6BDE3C /* GCDWebServerFileRequest.m in Sources */ = {isa = PBXBuildFile; fileRef = A4FAA55F907645378BE896AB /* GCDWebServerFileRequest.m */; };
		287066A6E16746DDBF88ADCF /* METRandomValueGenerator.m in Sources */ = {isa = PBXBuildFile; fileRef = 8C858E344A3F441AB323C522 /* METRandomValueGenerator.m */; };
		2AEA5A59D49141BA9C91A602 /* METNetworkReachabilityManager.m in Sources */ = {isa = PBXBuildFile; fileRef = 2C88B9ED5E824800AA38F80F /* METNetworkReachabilityManager.m */; };
		2B657AB939344FE288B48B83 /* METTimer.m in Sources */ = {isa = PBXBuildFile; fileRef = A3DCD8AF498043E4AB20A1B1 /* METTimer.m */; };
		2C9A0D1370D74276AA547D84 /* CFNetwork.framework in Frameworks */ = {isa = PBXBuildFile; fileRef = ADD961DC338C409D8CA75DC8 /* CFNetwork.framework */; };
		301BF552109A68D80062928A /* libCordova.a in Frameworks */ = {isa = PBXBuildFile; fileRef = 301BF535109A57CC0062928A /* libCordova.a */; };
		302D95F114D2391D003F00A1 /* MainViewController.m in Sources */ = {isa = PBXBuildFile; fileRef = 302D95EF14D2391D003F00A1 /* MainViewController.m */; };
		302D95F214D2391D003F00A1 /* MainViewController.xib in Resources */ = {isa = PBXBuildFile; fileRef = 302D95F014D2391D003F00A1 /* MainViewController.xib */; };
		368CFE48225A48419FEC5111 /* GCDWebServerFunctions.m in Sources */ = {isa = PBXBuildFile; fileRef = 09BA47E661EB40F0BF9C6591 /* GCDWebServerFunctions.m */; };
		3F5E5FF4212C450488AA73BF /* WorkoutActivityConversion.m in Sources */ = {isa = PBXBuildFile; fileRef = 7A497DFB6B6E4B77B698D5A0 /* WorkoutActivityConversion.m */; };
		45B1C8014F0745AF9B046C82 /* HealthKit.m in Sources */ = {isa = PBXBuildFile; fileRef = CF655E37E4E4402EBB06C34B /* HealthKit.m */; };
		46C490BC9F5F49A885D76207 /* AssetManifest.swift in Sources */ = {isa = PBXBuildFile; fileRef = 271D4A4A9A124D22988DF988 /* AssetManifest.swift */; };
		4EDC8925CBAD4E38B37A38A0 /* AssetBundleManager.swift in Sources */ = {isa = PBXBuildFile; fileRef = F187BBCB2989421EAC801A66 /* AssetBundleManager.swift */; };
		4FB7EAE4DFC449B09F571842 /* CDVSplashScreen.m in Sources */ = {isa = PBXBuildFile; fileRef = EB127496E09C4A6EA773313A /* CDVSplashScreen.m */; };
		522B4E460ABE4B6A857A86C3 /* GCDWebServerFileResponse.m in Sources */ = {isa = PBXBuildFile; fileRef = 3385A2878E994E39838070E8 /* GCDWebServerFileResponse.m */; };
		555F56E7831942CEB9163263 /* libz.dylib in Frameworks */ = {isa = PBXBuildFile; fileRef = 6679F8A552324B0BB248B54F /* libz.dylib */; };
		5D754C46F93D4441A70C0975 /* CDVInAppBrowser.m in Sources */ = {isa = PBXBuildFile; fileRef = A104D8EE7FB346A38B444E03 /* CDVInAppBrowser.m */; };
		63EF17FF7B424760B943C155 /* GCDWebServerResponse.m in Sources */ = {isa = PBXBuildFile; fileRef = CA739742715943A9A596CAD9 /* GCDWebServerResponse.m */; };
		66BA07EC15314DA784DEA310 /* HealthKit.framework in Frameworks */ = {isa = PBXBuildFile; fileRef = 246E540065374A04956FF440 /* HealthKit.framework */; settings = {ATTRIBUTES = (Weak, ); }; };
		6AFF5BF91D6E424B00AB3073 /* CDVLaunchScreen.storyboard in Resources */ = {isa = PBXBuildFile; fileRef = 6AFF5BF81D6E424B00AB3073 /* CDVLaunchScreen.storyboard */; };
		6D69C2E42CC34B26BF49018B /* GCDWebServerMultiPartFormRequest.m in Sources */ = {isa = PBXBuildFile; fileRef = 7B4C51F3C1AA4237ADB503FA /* GCDWebServerMultiPartFormRequest.m */; };
		704740BA0902461481DBC321 /* GCDWebServerConnection.m in Sources */ = {isa = PBXBuildFile; fileRef = 4996D8B661694BB5A189F605 /* GCDWebServerConnection.m */; };
		7DCDBFCC76F04D1980FEBE66 /* Errors.swift in Sources */ = {isa = PBXBuildFile; fileRef = CD5D9F3BD1DA4AC6B1403943 /* Errors.swift */; };
		7DEB37E4BFC943AEA2BD36A1 /* CDVStatusBar.m in Sources */ = {isa = PBXBuildFile; fileRef = 0C265A7B5ADF4D61AA56D350 /* CDVStatusBar.m */; };
		7EA55D022A8942F2830AA7CA /* CDVLocalFilesystem.m in Sources */ = {isa = PBXBuildFile; fileRef = 45CD32745CA54747BD10931E /* CDVLocalFilesystem.m */; };
		8392D53990994AA39FC1106E /* METPlugin.m in Sources */ = {isa = PBXBuildFile; fileRef = 514B09714C594126BBC330B9 /* METPlugin.m */; };
		8590E0ADC16D4CD5B0E6BA71 /* GCDWebServer.m in Sources */ = {isa = PBXBuildFile; fileRef = 728B353428B74FF8B7605767 /* GCDWebServer.m */; };
		91B08A1EA73D42B287AE5F66 /* AssetBundleDownloader.swift in Sources */ = {isa = PBXBuildFile; fileRef = 3756157FC8134395AF955CAC /* AssetBundleDownloader.swift */; };
		95E2EF5B3CB645E6BDE45B5B /* Asset.swift in Sources */ = {isa = PBXBuildFile; fileRef = 11386682E53645FFB3525141 /* Asset.swift */; };
		98FA92D4947A42E4ADF9DE95 /* METRetryStrategy.m in Sources */ = {isa = PBXBuildFile; fileRef = 9B88624BFF724633A75994D9 /* METRetryStrategy.m */; };
		9AA20847B4C14598A6EAFFF1 /* CDVWKProcessPoolFactory.m in Sources */ = {isa = PBXBuildFile; fileRef = 112498509ECD43849697BC08 /* CDVWKProcessPoolFactory.m */; };
		B17268738DD845F8A10F5FDA /* WebKit.framework in Frameworks */ = {isa = PBXBuildFile; fileRef = D595E8B870404390B43C7159 /* WebKit.framework */; settings = {ATTRIBUTES = (Weak, ); }; };
		B685DF8FDC16493F956662FF /* WebAppConfiguration.swift in Sources */ = {isa = PBXBuildFile; fileRef = CD57A313E41D4D789932DCA7 /* WebAppConfiguration.swift */; };
		BB5CAD4C100041CBA58935A0 /* WebAppLocalServer.swift in Sources */ = {isa = PBXBuildFile; fileRef = 7C7D05267FCE4DF09741817A /* WebAppLocalServer.swift */; };
		BB916DAD9AB141C1A04C96B5 /* GCDWebServerURLEncodedFormRequest.m in Sources */ = {isa = PBXBuildFile; fileRef = 76390EA08685419FB0A61737 /* GCDWebServerURLEncodedFormRequest.m */; };
		BEF8B4BFF3EA40588FB21D23 /* Utility.swift in Sources */ = {isa = PBXBuildFile; fileRef = F463003BB82D45EAB38A781A /* Utility.swift */; };
		CB519781B0DF459BBA621620 /* HKHealthStore+AAPLExtensions.m in Sources */ = {isa = PBXBuildFile; fileRef = 9EC3FF14BEDB435DBE1ABB55 /* HKHealthStore+AAPLExtensions.m */; };
		CBB30CAD34564FF688067A8B /* GCDWebServerDataRequest.m in Sources */ = {isa = PBXBuildFile; fileRef = 0C8CF841716A472FAC44A216 /* GCDWebServerDataRequest.m */; };
		CDB63EC0704C49138802335B /* CDVWKWebViewEngine.m in Sources */ = {isa = PBXBuildFile; fileRef = 057A68AC32094CB499F364C3 /* CDVWKWebViewEngine.m */; };
		D6EA7EF0DA70428391EDCFF7 /* GCDWebServerDataResponse.m in Sources */ = {isa = PBXBuildFile; fileRef = DB2FEAFCD20544538F70006C /* GCDWebServerDataResponse.m */; };
		DDD1982363404F04A14B24F0 /* CDVViewController+SplashScreen.m in Sources */ = {isa = PBXBuildFile; fileRef = F302991C755B4342A0B4340F /* CDVViewController+SplashScreen.m */; };
		DE1BBAE5B201423A9C930466 /* CDVFile.m in Sources */ = {isa = PBXBuildFile; fileRef = 93AA297242AC4AAA8918A081 /* CDVFile.m */; };
		DFC6A99EA787453B9D6CAE34 /* GCDWebServerStreamedResponse.m in Sources */ = {isa = PBXBuildFile; fileRef = 34EA8EAE14504F76BE48693F /* GCDWebServerStreamedResponse.m */; };
		E4AEB5A3095B47A6BA832CDF /* CDVWKWebViewUIDelegate.m in Sources */ = {isa = PBXBuildFile; fileRef = 2927D7D936D74416A9BD4A7F /* CDVWKWebViewUIDelegate.m */; };
		F00037079C5345249E7566FB /* CDVAssetLibraryFilesystem.m in Sources */ = {isa = PBXBuildFile; fileRef = ECFD1AEC9D7B4EF382DF70F5 /* CDVAssetLibraryFilesystem.m */; };
		FC9F273E9B11456FA1F9DB74 /* GCDWebServerErrorResponse.m in Sources */ = {isa = PBXBuildFile; fileRef = 0D6D1361D4924AE7BDC42AB7 /* GCDWebServerErrorResponse.m */; };
/* End PBXBuildFile section */

/* Begin PBXContainerItemProxy section */
		301BF534109A57CC0062928A /* PBXContainerItemProxy */ = {
			isa = PBXContainerItemProxy;
			containerPortal = 301BF52D109A57CC0062928A /* CordovaLib/CordovaLib.xcodeproj */;
			proxyType = 2;
			remoteGlobalIDString = D2AAC07E0554694100DB518D;
			remoteInfo = CordovaLib;
		};
		301BF550109A68C00062928A /* PBXContainerItemProxy */ = {
			isa = PBXContainerItemProxy;
			containerPortal = 301BF52D109A57CC0062928A /* CordovaLib/CordovaLib.xcodeproj */;
			proxyType = 1;
			remoteGlobalIDString = D2AAC07D0554694100DB518D;
			remoteInfo = CordovaLib;
		};
		9CA0D3B322A5D68100E214FA /* PBXContainerItemProxy */ = {
			isa = PBXContainerItemProxy;
			containerPortal = 301BF52D109A57CC0062928A /* CordovaLib/CordovaLib.xcodeproj */;
			proxyType = 2;
			remoteGlobalIDString = C0C01EB21E3911D50056E6CB;
			remoteInfo = Cordova;
		};
/* End PBXContainerItemProxy section */

/* Begin PBXFileReference section */
		0207DA571B56EA530066E2B4 /* Images.xcassets */ = {isa = PBXFileReference; lastKnownFileType = folder.assetcatalog; name = Images.xcassets; path = Timelines/Images.xcassets; sourceTree = SOURCE_ROOT; };
		057A68AC32094CB499F364C3 /* CDVWKWebViewEngine.m */ = {isa = PBXFileReference; explicitFileType = undefined; fileEncoding = 4; includeInIndex = 0; lastKnownFileType = sourcecode.c.objc; name = CDVWKWebViewEngine.m; path = "cordova-plugin-wkwebview-engine/CDVWKWebViewEngine.m"; sourceTree = "<group>"; };
		086B1174F5554CC38041080D /* GCDWebServerFileResponse.h */ = {isa = PBXFileReference; explicitFileType = undefined; fileEncoding = 4; includeInIndex = 0; lastKnownFileType = sourcecode.c.h; name = GCDWebServerFileResponse.h; path = "cordova-plugin-meteor-webapp/GCDWebServerFileResponse.h"; sourceTree = "<group>"; };
		08E81282FDAC46318622D107 /* CDVAssetLibraryFilesystem.h */ = {isa = PBXFileReference; explicitFileType = undefined; fileEncoding = 4; includeInIndex = 0; lastKnownFileType = sourcecode.c.h; name = CDVAssetLibraryFilesystem.h; path = "cordova-plugin-file/CDVAssetLibraryFilesystem.h"; sourceTree = "<group>"; };
		09BA47E661EB40F0BF9C6591 /* GCDWebServerFunctions.m */ = {isa = PBXFileReference; explicitFileType = undefined; fileEncoding = 4; includeInIndex = 0; lastKnownFileType = sourcecode.c.objc; name = GCDWebServerFunctions.m; path = "cordova-plugin-meteor-webapp/GCDWebServerFunctions.m"; sourceTree = "<group>"; };
		0C265A7B5ADF4D61AA56D350 /* CDVStatusBar.m */ = {isa = PBXFileReference; explicitFileType = undefined; fileEncoding = 4; includeInIndex = 0; lastKnownFileType = sourcecode.c.objc; name = CDVStatusBar.m; path = "cordova-plugin-statusbar/CDVStatusBar.m"; sourceTree = "<group>"; };
		0C8CF841716A472FAC44A216 /* GCDWebServerDataRequest.m */ = {isa = PBXFileReference; explicitFileType = undefined; fileEncoding = 4; includeInIndex = 0; lastKnownFileType = sourcecode.c.objc; name = GCDWebServerDataRequest.m; path = "cordova-plugin-meteor-webapp/GCDWebServerDataRequest.m"; sourceTree = "<group>"; };
		0D6D1361D4924AE7BDC42AB7 /* GCDWebServerErrorResponse.m */ = {isa = PBXFileReference; explicitFileType = undefined; fileEncoding = 4; includeInIndex = 0; lastKnownFileType = sourcecode.c.objc; name = GCDWebServerErrorResponse.m; path = "cordova-plugin-meteor-webapp/GCDWebServerErrorResponse.m"; sourceTree = "<group>"; };
		0E8B7D71E3CD46C0929E2AD9 /* CDVSplashScreen.h */ = {isa = PBXFileReference; explicitFileType = undefined; fileEncoding = 4; includeInIndex = 0; lastKnownFileType = sourcecode.c.h; name = CDVSplashScreen.h; path = "cordova-plugin-splashscreen/CDVSplashScreen.h"; sourceTree = "<group>"; };
		112498509ECD43849697BC08 /* CDVWKProcessPoolFactory.m */ = {isa = PBXFileReference; explicitFileType = undefined; fileEncoding = 4; includeInIndex = 0; lastKnownFileType = sourcecode.c.objc; name = CDVWKProcessPoolFactory.m; path = "cordova-plugin-wkwebview-engine/CDVWKProcessPoolFactory.m"; sourceTree = "<group>"; };
		11386682E53645FFB3525141 /* Asset.swift */ = {isa = PBXFileReference; explicitFileType = undefined; fileEncoding = 4; includeInIndex = 0; lastKnownFileType = sourcecode.swift; name = Asset.swift; path = "cordova-plugin-meteor-webapp/Asset.swift"; sourceTree = "<group>"; };
		15379E95823B49EB8CF8A358 /* GCDWebServerURLEncodedFormRequest.h */ = {isa = PBXFileReference; explicitFileType = undefined; fileEncoding = 4; includeInIndex = 0; lastKnownFileType = sourcecode.c.h; name = GCDWebServerURLEncodedFormRequest.h; path = "cordova-plugin-meteor-webapp/GCDWebServerURLEncodedFormRequest.h"; sourceTree = "<group>"; };
		17393212328E48C79653F638 /* CDVFile.h */ = {isa = PBXFileReference; explicitFileType = undefined; fileEncoding = 4; includeInIndex = 0; lastKnownFileType = sourcecode.c.h; name = CDVFile.h; path = "cordova-plugin-file/CDVFile.h"; sourceTree = "<group>"; };
		1D3623240D0F684500981E51 /* AppDelegate.h */ = {isa = PBXFileReference; fileEncoding = 4; lastKnownFileType = sourcecode.c.h; path = AppDelegate.h; sourceTree = "<group>"; };
		1D3623250D0F684500981E51 /* AppDelegate.m */ = {isa = PBXFileReference; fileEncoding = 4; lastKnownFileType = sourcecode.c.objc; path = AppDelegate.m; sourceTree = "<group>"; };
		1D6058910D05DD3D006BFB54 /* Timelines.app */ = {isa = PBXFileReference; explicitFileType = wrapper.application; includeInIndex = 0; path = Timelines.app; sourceTree = BUILT_PRODUCTS_DIR; };
		22B6053D2CD341B48370BC70 /* GCDWebServer.h */ = {isa = PBXFileReference; explicitFileType = undefined; fileEncoding = 4; includeInIndex = 0; lastKnownFileType = sourcecode.c.h; name = GCDWebServer.h; path = "cordova-plugin-meteor-webapp/GCDWebServer.h"; sourceTree = "<group>"; };
		246E540065374A04956FF440 /* HealthKit.framework */ = {isa = PBXFileReference; explicitFileType = undefined; fileEncoding = 9; includeInIndex = 0; lastKnownFileType = wrapper.framework; name = HealthKit.framework; path = System/Library/Frameworks/HealthKit.framework; sourceTree = SDKROOT; };
		271D4A4A9A124D22988DF988 /* AssetManifest.swift */ = {isa = PBXFileReference; explicitFileType = undefined; fileEncoding = 4; includeInIndex = 0; lastKnownFileType = sourcecode.swift; name = AssetManifest.swift; path = "cordova-plugin-meteor-webapp/AssetManifest.swift"; sourceTree = "<group>"; };
		2927D7D936D74416A9BD4A7F /* CDVWKWebViewUIDelegate.m */ = {isa = PBXFileReference; explicitFileType = undefined; fileEncoding = 4; includeInIndex = 0; lastKnownFileType = sourcecode.c.objc; name = CDVWKWebViewUIDelegate.m; path = "cordova-plugin-wkwebview-engine/CDVWKWebViewUIDelegate.m"; sourceTree = "<group>"; };
		29B97316FDCFA39411CA2CEA /* main.m */ = {isa = PBXFileReference; fileEncoding = 4; lastKnownFileType = sourcecode.c.objc; path = main.m; sourceTree = "<group>"; };
		2C88B9ED5E824800AA38F80F /* METNetworkReachabilityManager.m */ = {isa = PBXFileReference; explicitFileType = undefined; fileEncoding = 4; includeInIndex = 0; lastKnownFileType = sourcecode.c.objc; name = METNetworkReachabilityManager.m; path = "cordova-plugin-meteor-webapp/METNetworkReachabilityManager.m"; sourceTree = "<group>"; };
		2DDEF073ABDB437AADA45275 /* CDVViewController+SplashScreen.h */ = {isa = PBXFileReference; explicitFileType = undefined; fileEncoding = 4; includeInIndex = 0; lastKnownFileType = sourcecode.c.h; name = "CDVViewController+SplashScreen.h"; path = "cordova-plugin-splashscreen/CDVViewController+SplashScreen.h"; sourceTree = "<group>"; };
		301BF52D109A57CC0062928A /* CordovaLib/CordovaLib.xcodeproj */ = {isa = PBXFileReference; lastKnownFileType = "wrapper.pb-project"; path = CordovaLib/CordovaLib.xcodeproj; sourceTree = "<group>"; };
		301BF56E109A69640062928A /* www */ = {isa = PBXFileReference; lastKnownFileType = folder; path = www; sourceTree = SOURCE_ROOT; };
		302D95EE14D2391D003F00A1 /* MainViewController.h */ = {isa = PBXFileReference; fileEncoding = 4; lastKnownFileType = sourcecode.c.h; path = MainViewController.h; sourceTree = "<group>"; };
		302D95EF14D2391D003F00A1 /* MainViewController.m */ = {isa = PBXFileReference; fileEncoding = 4; lastKnownFileType = sourcecode.c.objc; path = MainViewController.m; sourceTree = "<group>"; };
		302D95F014D2391D003F00A1 /* MainViewController.xib */ = {isa = PBXFileReference; fileEncoding = 4; lastKnownFileType = file.xib; path = MainViewController.xib; sourceTree = "<group>"; };
		3047A50F1AB8059700498E2A /* build-debug.xcconfig */ = {isa = PBXFileReference; fileEncoding = 4; lastKnownFileType = text.xcconfig; name = "build-debug.xcconfig"; path = "cordova/build-debug.xcconfig"; sourceTree = SOURCE_ROOT; };
		3047A5101AB8059700498E2A /* build-release.xcconfig */ = {isa = PBXFileReference; fileEncoding = 4; lastKnownFileType = text.xcconfig; name = "build-release.xcconfig"; path = "cordova/build-release.xcconfig"; sourceTree = SOURCE_ROOT; };
		3047A5111AB8059700498E2A /* build.xcconfig */ = {isa = PBXFileReference; fileEncoding = 4; lastKnownFileType = text.xcconfig; name = build.xcconfig; path = cordova/build.xcconfig; sourceTree = SOURCE_ROOT; };
		32CA4F630368D1EE00C91783 /* Timelines-Prefix.pch */ = {isa = PBXFileReference; fileEncoding = 4; lastKnownFileType = sourcecode.c.h; path = "Timelines-Prefix.pch"; sourceTree = "<group>"; };
		3385A2878E994E39838070E8 /* GCDWebServerFileResponse.m */ = {isa = PBXFileReference; explicitFileType = undefined; fileEncoding = 4; includeInIndex = 0; lastKnownFileType = sourcecode.c.objc; name = GCDWebServerFileResponse.m; path = "cordova-plugin-meteor-webapp/GCDWebServerFileResponse.m"; sourceTree = "<group>"; };
		34EA8EAE14504F76BE48693F /* GCDWebServerStreamedResponse.m */ = {isa = PBXFileReference; explicitFileType = undefined; fileEncoding = 4; includeInIndex = 0; lastKnownFileType = sourcecode.c.objc; name = GCDWebServerStreamedResponse.m; path = "cordova-plugin-meteor-webapp/GCDWebServerStreamedResponse.m"; sourceTree = "<group>"; };
		352621F120C14035A81FA46C /* CDVWKWebViewEngine.h */ = {isa = PBXFileReference; explicitFileType = undefined; fileEncoding = 4; includeInIndex = 0; lastKnownFileType = sourcecode.c.h; name = CDVWKWebViewEngine.h; path = "cordova-plugin-wkwebview-engine/CDVWKWebViewEngine.h"; sourceTree = "<group>"; };
		36E1652DA8AE4896AD38296A /* GCDWebServerDataRequest.h */ = {isa = PBXFileReference; explicitFileType = undefined; fileEncoding = 4; includeInIndex = 0; lastKnownFileType = sourcecode.c.h; name = GCDWebServerDataRequest.h; path = "cordova-plugin-meteor-webapp/GCDWebServerDataRequest.h"; sourceTree = "<group>"; };
		3756157FC8134395AF955CAC /* AssetBundleDownloader.swift */ = {isa = PBXFileReference; explicitFileType = undefined; fileEncoding = 4; includeInIndex = 0; lastKnownFileType = sourcecode.swift; name = AssetBundleDownloader.swift; path = "cordova-plugin-meteor-webapp/AssetBundleDownloader.swift"; sourceTree = "<group>"; };
		3EB850D6C39E42ACBB34F0D3 /* GCDWebServerErrorResponse.h */ = {isa = PBXFileReference; explicitFileType = undefined; fileEncoding = 4; includeInIndex = 0; lastKnownFileType = sourcecode.c.h; name = GCDWebServerErrorResponse.h; path = "cordova-plugin-meteor-webapp/GCDWebServerErrorResponse.h"; sourceTree = "<group>"; };
		45CD32745CA54747BD10931E /* CDVLocalFilesystem.m */ = {isa = PBXFileReference; explicitFileType = undefined; fileEncoding = 4; includeInIndex = 0; lastKnownFileType = sourcecode.c.objc; name = CDVLocalFilesystem.m; path = "cordova-plugin-file/CDVLocalFilesystem.m"; sourceTree = "<group>"; };
		4996D8B661694BB5A189F605 /* GCDWebServerConnection.m */ = {isa = PBXFileReference; explicitFileType = undefined; fileEncoding = 4; includeInIndex = 0; lastKnownFileType = sourcecode.c.objc; name = GCDWebServerConnection.m; path = "cordova-plugin-meteor-webapp/GCDWebServerConnection.m"; sourceTree = "<group>"; };
		514B09714C594126BBC330B9 /* METPlugin.m */ = {isa = PBXFileReference; explicitFileType = undefined; fileEncoding = 4; includeInIndex = 0; lastKnownFileType = sourcecode.c.objc; name = METPlugin.m; path = "cordova-plugin-meteor-webapp/METPlugin.m"; sourceTree = "<group>"; };
		51B8F87A10F84CEA9DF5AC1D /* AssetBundle.swift */ = {isa = PBXFileReference; explicitFileType = undefined; fileEncoding = 4; includeInIndex = 0; lastKnownFileType = sourcecode.swift; name = AssetBundle.swift; path = "cordova-plugin-meteor-webapp/AssetBundle.swift"; sourceTree = "<group>"; };
		53390741477143318AFC87DF /* CDVStatusBar.h */ = {isa = PBXFileReference; explicitFileType = undefined; fileEncoding = 4; includeInIndex = 0; lastKnownFileType = sourcecode.c.h; name = CDVStatusBar.h; path = "cordova-plugin-statusbar/CDVStatusBar.h"; sourceTree = "<group>"; };
		5F1476E6B4B14924BF7F3839 /* METRetryStrategy.h */ = {isa = PBXFileReference; explicitFileType = undefined; fileEncoding = 4; includeInIndex = 0; lastKnownFileType = sourcecode.c.h; name = METRetryStrategy.h; path = "cordova-plugin-meteor-webapp/METRetryStrategy.h"; sourceTree = "<group>"; };
		612A4A82C9C14A1AAD7BA203 /* GCDWebServerRequest.h */ = {isa = PBXFileReference; explicitFileType = undefined; fileEncoding = 4; includeInIndex = 0; lastKnownFileType = sourcecode.c.h; name = GCDWebServerRequest.h; path = "cordova-plugin-meteor-webapp/GCDWebServerRequest.h"; sourceTree = "<group>"; };
		6679F8A552324B0BB248B54F /* libz.dylib */ = {isa = PBXFileReference; explicitFileType = undefined; fileEncoding = 9; includeInIndex = 0; lastKnownFileType = "compiled.mach-o.dylib"; name = libz.dylib; path = usr/lib/libz.dylib; sourceTree = SDKROOT; };
		68A6E04B9F7941979EE4D07F /* GCDWebServerDataResponse.h */ = {isa = PBXFileReference; explicitFileType = undefined; fileEncoding = 4; includeInIndex = 0; lastKnownFileType = sourcecode.c.h; name = GCDWebServerDataResponse.h; path = "cordova-plugin-meteor-webapp/GCDWebServerDataResponse.h"; sourceTree = "<group>"; };
		6AFF5BF81D6E424B00AB3073 /* CDVLaunchScreen.storyboard */ = {isa = PBXFileReference; fileEncoding = 4; lastKnownFileType = file.storyboard; name = CDVLaunchScreen.storyboard; path = Timelines/CDVLaunchScreen.storyboard; sourceTree = SOURCE_ROOT; };
		6DBDE48183E947468DDEBE3D /* HKHealthStore+AAPLExtensions.h */ = {isa = PBXFileReference; explicitFileType = undefined; fileEncoding = 4; includeInIndex = 0; lastKnownFileType = sourcecode.c.h; name = "HKHealthStore+AAPLExtensions.h"; path = "com.telerik.plugins.healthkit/HKHealthStore+AAPLExtensions.h"; sourceTree = "<group>"; };
		728B353428B74FF8B7605767 /* GCDWebServer.m */ = {isa = PBXFileReference; explicitFileType = undefined; fileEncoding = 4; includeInIndex = 0; lastKnownFileType = sourcecode.c.objc; name = GCDWebServer.m; path = "cordova-plugin-meteor-webapp/GCDWebServer.m"; sourceTree = "<group>"; };
		76390EA08685419FB0A61737 /* GCDWebServerURLEncodedFormRequest.m */ = {isa = PBXFileReference; explicitFileType = undefined; fileEncoding = 4; includeInIndex = 0; lastKnownFileType = sourcecode.c.objc; name = GCDWebServerURLEncodedFormRequest.m; path = "cordova-plugin-meteor-webapp/GCDWebServerURLEncodedFormRequest.m"; sourceTree = "<group>"; };
		7A497DFB6B6E4B77B698D5A0 /* WorkoutActivityConversion.m */ = {isa = PBXFileReference; explicitFileType = undefined; fileEncoding = 4; includeInIndex = 0; lastKnownFileType = sourcecode.c.objc; name = WorkoutActivityConversion.m; path = com.telerik.plugins.healthkit/WorkoutActivityConversion.m; sourceTree = "<group>"; };
		7A82DFC2DC3249D0B1D71F1D /* GCDWebServerResponse.h */ = {isa = PBXFileReference; explicitFileType = undefined; fileEncoding = 4; includeInIndex = 0; lastKnownFileType = sourcecode.c.h; name = GCDWebServerResponse.h; path = "cordova-plugin-meteor-webapp/GCDWebServerResponse.h"; sourceTree = "<group>"; };
		7B4C51F3C1AA4237ADB503FA /* GCDWebServerMultiPartFormRequest.m */ = {isa = PBXFileReference; explicitFileType = undefined; fileEncoding = 4; includeInIndex = 0; lastKnownFileType = sourcecode.c.objc; name = GCDWebServerMultiPartFormRequest.m; path = "cordova-plugin-meteor-webapp/GCDWebServerMultiPartFormRequest.m"; sourceTree = "<group>"; };
		7C7D05267FCE4DF09741817A /* WebAppLocalServer.swift */ = {isa = PBXFileReference; explicitFileType = undefined; fileEncoding = 4; includeInIndex = 0; lastKnownFileType = sourcecode.swift; name = WebAppLocalServer.swift; path = "cordova-plugin-meteor-webapp/WebAppLocalServer.swift"; sourceTree = "<group>"; };
		7EF4DBCA7CD04BCEA95FB212 /* METNetworkReachabilityManager.h */ = {isa = PBXFileReference; explicitFileType = undefined; fileEncoding = 4; includeInIndex = 0; lastKnownFileType = sourcecode.c.h; name = METNetworkReachabilityManager.h; path = "cordova-plugin-meteor-webapp/METNetworkReachabilityManager.h"; sourceTree = "<group>"; };
		882376D5E8924808AE590A57 /* GCDWebServerHTTPStatusCodes.h */ = {isa = PBXFileReference; explicitFileType = undefined; fileEncoding = 4; includeInIndex = 0; lastKnownFileType = sourcecode.c.h; name = GCDWebServerHTTPStatusCodes.h; path = "cordova-plugin-meteor-webapp/GCDWebServerHTTPStatusCodes.h"; sourceTree = "<group>"; };
		8C858E344A3F441AB323C522 /* METRandomValueGenerator.m */ = {isa = PBXFileReference; explicitFileType = undefined; fileEncoding = 4; includeInIndex = 0; lastKnownFileType = sourcecode.c.objc; name = METRandomValueGenerator.m; path = "cordova-plugin-meteor-webapp/METRandomValueGenerator.m"; sourceTree = "<group>"; };
		8D1107310486CEB800E47090 /* Timelines-Info.plist */ = {isa = PBXFileReference; fileEncoding = 4; lastKnownFileType = text.plist.xml; name = "Timelines-Info.plist"; path = "Timelines/Timelines-Info.plist"; plistStructureDefinitionIdentifier = "com.apple.xcode.plist.structure-definition.iphone.info-plist"; sourceTree = SOURCE_ROOT; };
		8EC399C91D2D4D868C2B9746 /* GCDWebServerPrivate.h */ = {isa = PBXFileReference; explicitFileType = undefined; fileEncoding = 4; includeInIndex = 0; lastKnownFileType = sourcecode.c.h; name = GCDWebServerPrivate.h; path = "cordova-plugin-meteor-webapp/GCDWebServerPrivate.h"; sourceTree = "<group>"; };
		8EC3BFD236EA4576969A6250 /* GCDWebServerFunctions.h */ = {isa = PBXFileReference; explicitFileType = undefined; fileEncoding = 4; includeInIndex = 0; lastKnownFileType = sourcecode.c.h; name = GCDWebServerFunctions.h; path = "cordova-plugin-meteor-webapp/GCDWebServerFunctions.h"; sourceTree = "<group>"; };
		9180AF03EC26427890DB50ED /* GCDWebServerRequest.m */ = {isa = PBXFileReference; explicitFileType = undefined; fileEncoding = 4; includeInIndex = 0; lastKnownFileType = sourcecode.c.objc; name = GCDWebServerRequest.m; path = "cordova-plugin-meteor-webapp/GCDWebServerRequest.m"; sourceTree = "<group>"; };
		93AA297242AC4AAA8918A081 /* CDVFile.m */ = {isa = PBXFileReference; explicitFileType = undefined; fileEncoding = 4; includeInIndex = 0; lastKnownFileType = sourcecode.c.objc; name = CDVFile.m; path = "cordova-plugin-file/CDVFile.m"; sourceTree = "<group>"; };
		9B88624BFF724633A75994D9 /* METRetryStrategy.m */ = {isa = PBXFileReference; explicitFileType = undefined; fileEncoding = 4; includeInIndex = 0; lastKnownFileType = sourcecode.c.objc; name = METRetryStrategy.m; path = "cordova-plugin-meteor-webapp/METRetryStrategy.m"; sourceTree = "<group>"; };
		9EC3FF14BEDB435DBE1ABB55 /* HKHealthStore+AAPLExtensions.m */ = {isa = PBXFileReference; explicitFileType = undefined; fileEncoding = 4; includeInIndex = 0; lastKnownFileType = sourcecode.c.objc; name = "HKHealthStore+AAPLExtensions.m"; path = "com.telerik.plugins.healthkit/HKHealthStore+AAPLExtensions.m"; sourceTree = "<group>"; };
		A104D8EE7FB346A38B444E03 /* CDVInAppBrowser.m */ = {isa = PBXFileReference; explicitFileType = undefined; fileEncoding = 4; includeInIndex = 0; lastKnownFileType = sourcecode.c.objc; name = CDVInAppBrowser.m; path = "cordova-plugin-inappbrowser/CDVInAppBrowser.m"; sourceTree = "<group>"; };
		A3DCD8AF498043E4AB20A1B1 /* METTimer.m */ = {isa = PBXFileReference; explicitFileType = undefined; fileEncoding = 4; includeInIndex = 0; lastKnownFileType = sourcecode.c.objc; name = METTimer.m; path = "cordova-plugin-meteor-webapp/METTimer.m"; sourceTree = "<group>"; };
		A4FAA55F907645378BE896AB /* GCDWebServerFileRequest.m */ = {isa = PBXFileReference; explicitFileType = undefined; fileEncoding = 4; includeInIndex = 0; lastKnownFileType = sourcecode.c.objc; name = GCDWebServerFileRequest.m; path = "cordova-plugin-meteor-webapp/GCDWebServerFileRequest.m"; sourceTree = "<group>"; };
		ADD961DC338C409D8CA75DC8 /* CFNetwork.framework */ = {isa = PBXFileReference; explicitFileType = undefined; fileEncoding = 9; includeInIndex = 0; lastKnownFileType = wrapper.framework; name = CFNetwork.framework; path = System/Library/Frameworks/CFNetwork.framework; sourceTree = SDKROOT; };
		B1E706810143473C9C718ACD /* GCDWebServerMultiPartFormRequest.h */ = {isa = PBXFileReference; explicitFileType = undefined; fileEncoding = 4; includeInIndex = 0; lastKnownFileType = sourcecode.c.h; name = GCDWebServerMultiPartFormRequest.h; path = "cordova-plugin-meteor-webapp/GCDWebServerMultiPartFormRequest.h"; sourceTree = "<group>"; };
		B2073B6640E54CBE98AE6AE3 /* CDVWKProcessPoolFactory.h */ = {isa = PBXFileReference; explicitFileType = undefined; fileEncoding = 4; includeInIndex = 0; lastKnownFileType = sourcecode.c.h; name = CDVWKProcessPoolFactory.h; path = "cordova-plugin-wkwebview-engine/CDVWKProcessPoolFactory.h"; sourceTree = "<group>"; };
		B62CADF0D2CC48C599A4C16D /* METTimer.h */ = {isa = PBXFileReference; explicitFileType = undefined; fileEncoding = 4; includeInIndex = 0; lastKnownFileType = sourcecode.c.h; name = METTimer.h; path = "cordova-plugin-meteor-webapp/METTimer.h"; sourceTree = "<group>"; };
		CA739742715943A9A596CAD9 /* GCDWebServerResponse.m */ = {isa = PBXFileReference; explicitFileType = undefined; fileEncoding = 4; includeInIndex = 0; lastKnownFileType = sourcecode.c.objc; name = GCDWebServerResponse.m; path = "cordova-plugin-meteor-webapp/GCDWebServerResponse.m"; sourceTree = "<group>"; };
		CBEFC41160764B609F3E7BAF /* METPlugin.h */ = {isa = PBXFileReference; explicitFileType = undefined; fileEncoding = 4; includeInIndex = 0; lastKnownFileType = sourcecode.c.h; name = METPlugin.h; path = "cordova-plugin-meteor-webapp/METPlugin.h"; sourceTree = "<group>"; };
		CD57A313E41D4D789932DCA7 /* WebAppConfiguration.swift */ = {isa = PBXFileReference; explicitFileType = undefined; fileEncoding = 4; includeInIndex = 0; lastKnownFileType = sourcecode.swift; name = WebAppConfiguration.swift; path = "cordova-plugin-meteor-webapp/WebAppConfiguration.swift"; sourceTree = "<group>"; };
		CD5D9F3BD1DA4AC6B1403943 /* Errors.swift */ = {isa = PBXFileReference; explicitFileType = undefined; fileEncoding = 4; includeInIndex = 0; lastKnownFileType = sourcecode.swift; name = Errors.swift; path = "cordova-plugin-meteor-webapp/Errors.swift"; sourceTree = "<group>"; };
		CF655E37E4E4402EBB06C34B /* HealthKit.m */ = {isa = PBXFileReference; explicitFileType = undefined; fileEncoding = 4; includeInIndex = 0; lastKnownFileType = sourcecode.c.objc; name = HealthKit.m; path = com.telerik.plugins.healthkit/HealthKit.m; sourceTree = "<group>"; };
		CFA0A555FF95435A857575EE /* HealthKit.h */ = {isa = PBXFileReference; explicitFileType = undefined; fileEncoding = 4; includeInIndex = 0; lastKnownFileType = sourcecode.c.h; name = HealthKit.h; path = com.telerik.plugins.healthkit/HealthKit.h; sourceTree = "<group>"; };
		D259EEB4C2374F9AA4CF8D26 /* GCDWebServerStreamedResponse.h */ = {isa = PBXFileReference; explicitFileType = undefined; fileEncoding = 4; includeInIndex = 0; lastKnownFileType = sourcecode.c.h; name = GCDWebServerStreamedResponse.h; path = "cordova-plugin-meteor-webapp/GCDWebServerStreamedResponse.h"; sourceTree = "<group>"; };
		D3DD4FD9EB3A4F79A19A9C2C /* CDVWKWebViewUIDelegate.h */ = {isa = PBXFileReference; explicitFileType = undefined; fileEncoding = 4; includeInIndex = 0; lastKnownFileType = sourcecode.c.h; name = CDVWKWebViewUIDelegate.h; path = "cordova-plugin-wkwebview-engine/CDVWKWebViewUIDelegate.h"; sourceTree = "<group>"; };
		D512EAE15D064E6DA17B3D46 /* CDVInAppBrowser.h */ = {isa = PBXFileReference; explicitFileType = undefined; fileEncoding = 4; includeInIndex = 0; lastKnownFileType = sourcecode.c.h; name = CDVInAppBrowser.h; path = "cordova-plugin-inappbrowser/CDVInAppBrowser.h"; sourceTree = "<group>"; };
		D595E8B870404390B43C7159 /* WebKit.framework */ = {isa = PBXFileReference; explicitFileType = undefined; fileEncoding = 9; includeInIndex = 0; lastKnownFileType = wrapper.framework; name = WebKit.framework; path = System/Library/Frameworks/WebKit.framework; sourceTree = SDKROOT; };
		D674932369264CA2AA71C45F /* GCDWebServerConnection.h */ = {isa = PBXFileReference; explicitFileType = undefined; fileEncoding = 4; includeInIndex = 0; lastKnownFileType = sourcecode.c.h; name = GCDWebServerConnection.h; path = "cordova-plugin-meteor-webapp/GCDWebServerConnection.h"; sourceTree = "<group>"; };
		DB2FEAFCD20544538F70006C /* GCDWebServerDataResponse.m */ = {isa = PBXFileReference; explicitFileType = undefined; fileEncoding = 4; includeInIndex = 0; lastKnownFileType = sourcecode.c.objc; name = GCDWebServerDataResponse.m; path = "cordova-plugin-meteor-webapp/GCDWebServerDataResponse.m"; sourceTree = "<group>"; };
		DC24BC972C3B4240B55F68B5 /* CDVLocalFilesystem.h */ = {isa = PBXFileReference; explicitFileType = undefined; fileEncoding = 4; includeInIndex = 0; lastKnownFileType = sourcecode.c.h; name = CDVLocalFilesystem.h; path = "cordova-plugin-file/CDVLocalFilesystem.h"; sourceTree = "<group>"; };
		DE94F2EC570D46E3B602988B /* cordova-plugin-meteor-webapp-Bridging-Header.h */ = {isa = PBXFileReference; explicitFileType = undefined; fileEncoding = 4; includeInIndex = 0; lastKnownFileType = sourcecode.c.h; name = "cordova-plugin-meteor-webapp-Bridging-Header.h"; path = "cordova-plugin-meteor-webapp/cordova-plugin-meteor-webapp-Bridging-Header.h"; sourceTree = "<group>"; };
		E537EEC506AB47F49D5DA332 /* WorkoutActivityConversion.h */ = {isa = PBXFileReference; explicitFileType = undefined; fileEncoding = 4; includeInIndex = 0; lastKnownFileType = sourcecode.c.h; name = WorkoutActivityConversion.h; path = com.telerik.plugins.healthkit/WorkoutActivityConversion.h; sourceTree = "<group>"; };
		EB127496E09C4A6EA773313A /* CDVSplashScreen.m */ = {isa = PBXFileReference; explicitFileType = undefined; fileEncoding = 4; includeInIndex = 0; lastKnownFileType = sourcecode.c.objc; name = CDVSplashScreen.m; path = "cordova-plugin-splashscreen/CDVSplashScreen.m"; sourceTree = "<group>"; };
		EB87FDF31871DA8E0020F90C /* www */ = {isa = PBXFileReference; lastKnownFileType = folder; name = www; path = ../../www; sourceTree = "<group>"; };
		EB87FDF41871DAF40020F90C /* config.xml */ = {isa = PBXFileReference; lastKnownFileType = text.xml; name = config.xml; path = ../../config.xml; sourceTree = "<group>"; };
		ECFD1AEC9D7B4EF382DF70F5 /* CDVAssetLibraryFilesystem.m */ = {isa = PBXFileReference; explicitFileType = undefined; fileEncoding = 4; includeInIndex = 0; lastKnownFileType = sourcecode.c.objc; name = CDVAssetLibraryFilesystem.m; path = "cordova-plugin-file/CDVAssetLibraryFilesystem.m"; sourceTree = "<group>"; };
		ED33DF2A687741AEAF9F8254 /* Bridging-Header.h */ = {isa = PBXFileReference; fileEncoding = 4; lastKnownFileType = sourcecode.c.h; path = "Bridging-Header.h"; sourceTree = "<group>"; };
		F187BBCB2989421EAC801A66 /* AssetBundleManager.swift */ = {isa = PBXFileReference; explicitFileType = undefined; fileEncoding = 4; includeInIndex = 0; lastKnownFileType = sourcecode.swift; name = AssetBundleManager.swift; path = "cordova-plugin-meteor-webapp/AssetBundleManager.swift"; sourceTree = "<group>"; };
		F302991C755B4342A0B4340F /* CDVViewController+SplashScreen.m */ = {isa = PBXFileReference; explicitFileType = undefined; fileEncoding = 4; includeInIndex = 0; lastKnownFileType = sourcecode.c.objc; name = "CDVViewController+SplashScreen.m"; path = "cordova-plugin-splashscreen/CDVViewController+SplashScreen.m"; sourceTree = "<group>"; };
		F463003BB82D45EAB38A781A /* Utility.swift */ = {isa = PBXFileReference; explicitFileType = undefined; fileEncoding = 4; includeInIndex = 0; lastKnownFileType = sourcecode.swift; name = Utility.swift; path = "cordova-plugin-meteor-webapp/Utility.swift"; sourceTree = "<group>"; };
		F840E1F0165FE0F500CFE078 /* config.xml */ = {isa = PBXFileReference; lastKnownFileType = text.xml; name = config.xml; path = Timelines/config.xml; sourceTree = "<group>"; };
		FE2E2F868FA74FA38D92F7F2 /* METRandomValueGenerator.h */ = {isa = PBXFileReference; explicitFileType = undefined; fileEncoding = 4; includeInIndex = 0; lastKnownFileType = sourcecode.c.h; name = METRandomValueGenerator.h; path = "cordova-plugin-meteor-webapp/METRandomValueGenerator.h"; sourceTree = "<group>"; };
		FF69FDAEAD8D455C81E28755 /* GCDWebServerFileRequest.h */ = {isa = PBXFileReference; explicitFileType = undefined; fileEncoding = 4; includeInIndex = 0; lastKnownFileType = sourcecode.c.h; name = GCDWebServerFileRequest.h; path = "cordova-plugin-meteor-webapp/GCDWebServerFileRequest.h"; sourceTree = "<group>"; };
/* End PBXFileReference section */

/* Begin PBXFrameworksBuildPhase section */
		1D60588F0D05DD3D006BFB54 /* Frameworks */ = {
			isa = PBXFrameworksBuildPhase;
			buildActionMask = 2147483647;
			files = (
				301BF552109A68D80062928A /* libCordova.a in Frameworks */,
				B17268738DD845F8A10F5FDA /* WebKit.framework in Frameworks */,
				2C9A0D1370D74276AA547D84 /* CFNetwork.framework in Frameworks */,
				555F56E7831942CEB9163263 /* libz.dylib in Frameworks */,
				66BA07EC15314DA784DEA310 /* HealthKit.framework in Frameworks */,
			);
			runOnlyForDeploymentPostprocessing = 0;
		};
/* End PBXFrameworksBuildPhase section */

/* Begin PBXGroup section */
		080E96DDFE201D6D7F000001 /* Classes */ = {
			isa = PBXGroup;
			children = (
				302D95EE14D2391D003F00A1 /* MainViewController.h */,
				302D95EF14D2391D003F00A1 /* MainViewController.m */,
				302D95F014D2391D003F00A1 /* MainViewController.xib */,
				1D3623240D0F684500981E51 /* AppDelegate.h */,
				1D3623250D0F684500981E51 /* AppDelegate.m */,
			);
			name = Classes;
			path = Timelines/Classes;
			sourceTree = SOURCE_ROOT;
		};
		19C28FACFE9D520D11CA2CBB /* Products */ = {
			isa = PBXGroup;
			children = (
				1D6058910D05DD3D006BFB54 /* Timelines.app */,
			);
			name = Products;
			sourceTree = "<group>";
		};
		29B97314FDCFA39411CA2CEA /* CustomTemplate */ = {
			isa = PBXGroup;
			children = (
				EB87FDF41871DAF40020F90C /* config.xml */,
				EB87FDF31871DA8E0020F90C /* www */,
				EB87FDF11871DA420020F90C /* Staging */,
				301BF52D109A57CC0062928A /* CordovaLib/CordovaLib.xcodeproj */,
				080E96DDFE201D6D7F000001 /* Classes */,
				307C750510C5A3420062BCA9 /* Plugins */,
				29B97315FDCFA39411CA2CEA /* Other Sources */,
				29B97317FDCFA39411CA2CEA /* Resources */,
				29B97323FDCFA39411CA2CEA /* Frameworks */,
				19C28FACFE9D520D11CA2CBB /* Products */,
			);
			name = CustomTemplate;
			sourceTree = "<group>";
		};
		29B97315FDCFA39411CA2CEA /* Other Sources */ = {
			isa = PBXGroup;
			children = (
				32CA4F630368D1EE00C91783 /* Timelines-Prefix.pch */,
				29B97316FDCFA39411CA2CEA /* main.m */,
				ED33DF2A687741AEAF9F8254 /* Bridging-Header.h */,
			);
			name = "Other Sources";
			path = Timelines;
			sourceTree = "<group>";
		};
		29B97317FDCFA39411CA2CEA /* Resources */ = {
			isa = PBXGroup;
			children = (
				0207DA571B56EA530066E2B4 /* Images.xcassets */,
				3047A50E1AB8057F00498E2A /* config */,
				8D1107310486CEB800E47090 /* Timelines-Info.plist */,
				6AFF5BF81D6E424B00AB3073 /* CDVLaunchScreen.storyboard */,
			);
			name = Resources;
			path = Timelines/Resources;
			sourceTree = "<group>";
		};
		29B97323FDCFA39411CA2CEA /* Frameworks */ = {
			isa = PBXGroup;
			children = (
				D595E8B870404390B43C7159 /* WebKit.framework */,
				ADD961DC338C409D8CA75DC8 /* CFNetwork.framework */,
				6679F8A552324B0BB248B54F /* libz.dylib */,
				246E540065374A04956FF440 /* HealthKit.framework */,
			);
			name = Frameworks;
			sourceTree = "<group>";
		};
		301BF52E109A57CC0062928A /* Products */ = {
			isa = PBXGroup;
			children = (
				301BF535109A57CC0062928A /* libCordova.a */,
				9CA0D3B422A5D68100E214FA /* Cordova.framework */,
			);
			name = Products;
			sourceTree = "<group>";
		};
		3047A50E1AB8057F00498E2A /* config */ = {
			isa = PBXGroup;
			children = (
				3047A50F1AB8059700498E2A /* build-debug.xcconfig */,
				3047A5101AB8059700498E2A /* build-release.xcconfig */,
				3047A5111AB8059700498E2A /* build.xcconfig */,
			);
			name = config;
			sourceTree = "<group>";
		};
		307C750510C5A3420062BCA9 /* Plugins */ = {
			isa = PBXGroup;
			children = (
				057A68AC32094CB499F364C3 /* CDVWKWebViewEngine.m */,
				2927D7D936D74416A9BD4A7F /* CDVWKWebViewUIDelegate.m */,
				112498509ECD43849697BC08 /* CDVWKProcessPoolFactory.m */,
				352621F120C14035A81FA46C /* CDVWKWebViewEngine.h */,
				D3DD4FD9EB3A4F79A19A9C2C /* CDVWKWebViewUIDelegate.h */,
				B2073B6640E54CBE98AE6AE3 /* CDVWKProcessPoolFactory.h */,
				7C7D05267FCE4DF09741817A /* WebAppLocalServer.swift */,
				CD57A313E41D4D789932DCA7 /* WebAppConfiguration.swift */,
				F187BBCB2989421EAC801A66 /* AssetBundleManager.swift */,
				51B8F87A10F84CEA9DF5AC1D /* AssetBundle.swift */,
				11386682E53645FFB3525141 /* Asset.swift */,
				3756157FC8134395AF955CAC /* AssetBundleDownloader.swift */,
				271D4A4A9A124D22988DF988 /* AssetManifest.swift */,
				CD5D9F3BD1DA4AC6B1403943 /* Errors.swift */,
				F463003BB82D45EAB38A781A /* Utility.swift */,
				514B09714C594126BBC330B9 /* METPlugin.m */,
				A3DCD8AF498043E4AB20A1B1 /* METTimer.m */,
				9B88624BFF724633A75994D9 /* METRetryStrategy.m */,
				2C88B9ED5E824800AA38F80F /* METNetworkReachabilityManager.m */,
				8C858E344A3F441AB323C522 /* METRandomValueGenerator.m */,
				728B353428B74FF8B7605767 /* GCDWebServer.m */,
				4996D8B661694BB5A189F605 /* GCDWebServerConnection.m */,
				09BA47E661EB40F0BF9C6591 /* GCDWebServerFunctions.m */,
				9180AF03EC26427890DB50ED /* GCDWebServerRequest.m */,
				CA739742715943A9A596CAD9 /* GCDWebServerResponse.m */,
				0C8CF841716A472FAC44A216 /* GCDWebServerDataRequest.m */,
				A4FAA55F907645378BE896AB /* GCDWebServerFileRequest.m */,
				7B4C51F3C1AA4237ADB503FA /* GCDWebServerMultiPartFormRequest.m */,
				76390EA08685419FB0A61737 /* GCDWebServerURLEncodedFormRequest.m */,
				DB2FEAFCD20544538F70006C /* GCDWebServerDataResponse.m */,
				0D6D1361D4924AE7BDC42AB7 /* GCDWebServerErrorResponse.m */,
				3385A2878E994E39838070E8 /* GCDWebServerFileResponse.m */,
				34EA8EAE14504F76BE48693F /* GCDWebServerStreamedResponse.m */,
				DE94F2EC570D46E3B602988B /* cordova-plugin-meteor-webapp-Bridging-Header.h */,
				CBEFC41160764B609F3E7BAF /* METPlugin.h */,
				B62CADF0D2CC48C599A4C16D /* METTimer.h */,
				5F1476E6B4B14924BF7F3839 /* METRetryStrategy.h */,
				7EF4DBCA7CD04BCEA95FB212 /* METNetworkReachabilityManager.h */,
				FE2E2F868FA74FA38D92F7F2 /* METRandomValueGenerator.h */,
				22B6053D2CD341B48370BC70 /* GCDWebServer.h */,
				D674932369264CA2AA71C45F /* GCDWebServerConnection.h */,
				8EC3BFD236EA4576969A6250 /* GCDWebServerFunctions.h */,
				882376D5E8924808AE590A57 /* GCDWebServerHTTPStatusCodes.h */,
				8EC399C91D2D4D868C2B9746 /* GCDWebServerPrivate.h */,
				612A4A82C9C14A1AAD7BA203 /* GCDWebServerRequest.h */,
				7A82DFC2DC3249D0B1D71F1D /* GCDWebServerResponse.h */,
				36E1652DA8AE4896AD38296A /* GCDWebServerDataRequest.h */,
				FF69FDAEAD8D455C81E28755 /* GCDWebServerFileRequest.h */,
				B1E706810143473C9C718ACD /* GCDWebServerMultiPartFormRequest.h */,
				15379E95823B49EB8CF8A358 /* GCDWebServerURLEncodedFormRequest.h */,
				68A6E04B9F7941979EE4D07F /* GCDWebServerDataResponse.h */,
				3EB850D6C39E42ACBB34F0D3 /* GCDWebServerErrorResponse.h */,
				086B1174F5554CC38041080D /* GCDWebServerFileResponse.h */,
				D259EEB4C2374F9AA4CF8D26 /* GCDWebServerStreamedResponse.h */,
				0C265A7B5ADF4D61AA56D350 /* CDVStatusBar.m */,
				53390741477143318AFC87DF /* CDVStatusBar.h */,
				EB127496E09C4A6EA773313A /* CDVSplashScreen.m */,
				F302991C755B4342A0B4340F /* CDVViewController+SplashScreen.m */,
				0E8B7D71E3CD46C0929E2AD9 /* CDVSplashScreen.h */,
				2DDEF073ABDB437AADA45275 /* CDVViewController+SplashScreen.h */,
				A104D8EE7FB346A38B444E03 /* CDVInAppBrowser.m */,
				D512EAE15D064E6DA17B3D46 /* CDVInAppBrowser.h */,
				7A497DFB6B6E4B77B698D5A0 /* WorkoutActivityConversion.m */,
				9EC3FF14BEDB435DBE1ABB55 /* HKHealthStore+AAPLExtensions.m */,
				CF655E37E4E4402EBB06C34B /* HealthKit.m */,
				E537EEC506AB47F49D5DA332 /* WorkoutActivityConversion.h */,
				6DBDE48183E947468DDEBE3D /* HKHealthStore+AAPLExtensions.h */,
				CFA0A555FF95435A857575EE /* HealthKit.h */,
				93AA297242AC4AAA8918A081 /* CDVFile.m */,
				45CD32745CA54747BD10931E /* CDVLocalFilesystem.m */,
				ECFD1AEC9D7B4EF382DF70F5 /* CDVAssetLibraryFilesystem.m */,
				17393212328E48C79653F638 /* CDVFile.h */,
				DC24BC972C3B4240B55F68B5 /* CDVLocalFilesystem.h */,
				08E81282FDAC46318622D107 /* CDVAssetLibraryFilesystem.h */,
			);
			name = Plugins;
			path = Timelines/Plugins;
			sourceTree = SOURCE_ROOT;
		};
		EB87FDF11871DA420020F90C /* Staging */ = {
			isa = PBXGroup;
			children = (
				F840E1F0165FE0F500CFE078 /* config.xml */,
				301BF56E109A69640062928A /* www */,
			);
			name = Staging;
			sourceTree = "<group>";
		};
/* End PBXGroup section */

/* Begin PBXNativeTarget section */
		1D6058900D05DD3D006BFB54 /* Timelines */ = {
			isa = PBXNativeTarget;
			buildConfigurationList = 1D6058960D05DD3E006BFB54 /* Build configuration list for PBXNativeTarget "Timelines" */;
			buildPhases = (
				304B58A110DAC018002A0835 /* Copy www directory */,
				1D60588D0D05DD3D006BFB54 /* Resources */,
				1D60588E0D05DD3D006BFB54 /* Sources */,
				1D60588F0D05DD3D006BFB54 /* Frameworks */,
			);
			buildRules = (
			);
			dependencies = (
				301BF551109A68C00062928A /* PBXTargetDependency */,
			);
			name = Timelines;
			productName = Timelines;
			productReference = 1D6058910D05DD3D006BFB54 /* Timelines.app */;
			productType = "com.apple.product-type.application";
		};
/* End PBXNativeTarget section */

/* Begin PBXProject section */
		29B97313FDCFA39411CA2CEA /* Project object */ = {
			isa = PBXProject;
			attributes = {
				LastUpgradeCheck = 510;
				TargetAttributes = {
					1D6058900D05DD3D006BFB54 = {
						DevelopmentTeam = KQL82SC8XS;
						ProvisioningStyle = Manual;
						SystemCapabilities = {
							com.apple.HealthKit = {
								enabled = 1;
							};
						};
					};
				};
			};
			buildConfigurationList = C01FCF4E08A954540054247B /* Build configuration list for PBXProject "Timelines" */;
			compatibilityVersion = "Xcode 3.2";
			developmentRegion = English;
			hasScannedForEncodings = 1;
			knownRegions = (
				English,
				en,
			);
			mainGroup = 29B97314FDCFA39411CA2CEA /* CustomTemplate */;
			projectDirPath = "";
			projectReferences = (
				{
					ProductGroup = 301BF52E109A57CC0062928A /* Products */;
					ProjectRef = 301BF52D109A57CC0062928A /* CordovaLib/CordovaLib.xcodeproj */;
				},
			);
			projectRoot = "";
			targets = (
				1D6058900D05DD3D006BFB54 /* Timelines */,
			);
		};
/* End PBXProject section */

/* Begin PBXReferenceProxy section */
		301BF535109A57CC0062928A /* libCordova.a */ = {
			isa = PBXReferenceProxy;
			fileType = archive.ar;
			path = libCordova.a;
			remoteRef = 301BF534109A57CC0062928A /* PBXContainerItemProxy */;
			sourceTree = BUILT_PRODUCTS_DIR;
		};
		9CA0D3B422A5D68100E214FA /* Cordova.framework */ = {
			isa = PBXReferenceProxy;
			fileType = wrapper.framework;
			path = Cordova.framework;
			remoteRef = 9CA0D3B322A5D68100E214FA /* PBXContainerItemProxy */;
			sourceTree = BUILT_PRODUCTS_DIR;
		};
/* End PBXReferenceProxy section */

/* Begin PBXResourcesBuildPhase section */
		1D60588D0D05DD3D006BFB54 /* Resources */ = {
			isa = PBXResourcesBuildPhase;
			buildActionMask = 2147483647;
			files = (
				302D95F214D2391D003F00A1 /* MainViewController.xib in Resources */,
				0207DA581B56EA530066E2B4 /* Images.xcassets in Resources */,
				6AFF5BF91D6E424B00AB3073 /* CDVLaunchScreen.storyboard in Resources */,
			);
			runOnlyForDeploymentPostprocessing = 0;
		};
/* End PBXResourcesBuildPhase section */

/* Begin PBXShellScriptBuildPhase section */
		304B58A110DAC018002A0835 /* Copy www directory */ = {
			isa = PBXShellScriptBuildPhase;
			buildActionMask = 2147483647;
			files = (
			);
			inputPaths = (
			);
			name = "Copy www directory";
			outputPaths = (
			);
			runOnlyForDeploymentPostprocessing = 0;
			shellPath = /bin/sh;
			shellScript = "NODEJS_PATH=/usr/local/bin; NVM_NODE_PATH=~/.nvm/versions/node/`nvm version 2>/dev/null`/bin; N_NODE_PATH=`find /usr/local/n/versions/node/* -maxdepth 0 -type d 2>/dev/null | tail -1`/bin; XCODE_NODE_PATH=`xcode-select --print-path`/usr/share/xcs/Node/bin; PATH=$NODEJS_PATH:$NVM_NODE_PATH:$N_NODE_PATH:$XCODE_NODE_PATH:$PATH && node cordova/lib/copy-www-build-step.js";
			showEnvVarsInLog = 0;
		};
/* End PBXShellScriptBuildPhase section */

/* Begin PBXSourcesBuildPhase section */
		1D60588E0D05DD3D006BFB54 /* Sources */ = {
			isa = PBXSourcesBuildPhase;
			buildActionMask = 2147483647;
			files = (
				1D60589B0D05DD56006BFB54 /* main.m in Sources */,
				1D3623260D0F684500981E51 /* AppDelegate.m in Sources */,
				302D95F114D2391D003F00A1 /* MainViewController.m in Sources */,
				CDB63EC0704C49138802335B /* CDVWKWebViewEngine.m in Sources */,
				E4AEB5A3095B47A6BA832CDF /* CDVWKWebViewUIDelegate.m in Sources */,
				9AA20847B4C14598A6EAFFF1 /* CDVWKProcessPoolFactory.m in Sources */,
				BB5CAD4C100041CBA58935A0 /* WebAppLocalServer.swift in Sources */,
				B685DF8FDC16493F956662FF /* WebAppConfiguration.swift in Sources */,
				4EDC8925CBAD4E38B37A38A0 /* AssetBundleManager.swift in Sources */,
				1221A6299506415EB116AD12 /* AssetBundle.swift in Sources */,
				95E2EF5B3CB645E6BDE45B5B /* Asset.swift in Sources */,
				91B08A1EA73D42B287AE5F66 /* AssetBundleDownloader.swift in Sources */,
				46C490BC9F5F49A885D76207 /* AssetManifest.swift in Sources */,
				7DCDBFCC76F04D1980FEBE66 /* Errors.swift in Sources */,
				BEF8B4BFF3EA40588FB21D23 /* Utility.swift in Sources */,
				8392D53990994AA39FC1106E /* METPlugin.m in Sources */,
				2B657AB939344FE288B48B83 /* METTimer.m in Sources */,
				98FA92D4947A42E4ADF9DE95 /* METRetryStrategy.m in Sources */,
				2AEA5A59D49141BA9C91A602 /* METNetworkReachabilityManager.m in Sources */,
				287066A6E16746DDBF88ADCF /* METRandomValueGenerator.m in Sources */,
				8590E0ADC16D4CD5B0E6BA71 /* GCDWebServer.m in Sources */,
				704740BA0902461481DBC321 /* GCDWebServerConnection.m in Sources */,
				368CFE48225A48419FEC5111 /* GCDWebServerFunctions.m in Sources */,
				169F4B23888C41BC88D5DABE /* GCDWebServerRequest.m in Sources */,
				63EF17FF7B424760B943C155 /* GCDWebServerResponse.m in Sources */,
				CBB30CAD34564FF688067A8B /* GCDWebServerDataRequest.m in Sources */,
				21AF9E0F611C4232BA6BDE3C /* GCDWebServerFileRequest.m in Sources */,
				6D69C2E42CC34B26BF49018B /* GCDWebServerMultiPartFormRequest.m in Sources */,
				BB916DAD9AB141C1A04C96B5 /* GCDWebServerURLEncodedFormRequest.m in Sources */,
				D6EA7EF0DA70428391EDCFF7 /* GCDWebServerDataResponse.m in Sources */,
				FC9F273E9B11456FA1F9DB74 /* GCDWebServerErrorResponse.m in Sources */,
				522B4E460ABE4B6A857A86C3 /* GCDWebServerFileResponse.m in Sources */,
				DFC6A99EA787453B9D6CAE34 /* GCDWebServerStreamedResponse.m in Sources */,
				7DEB37E4BFC943AEA2BD36A1 /* CDVStatusBar.m in Sources */,
				4FB7EAE4DFC449B09F571842 /* CDVSplashScreen.m in Sources */,
				DDD1982363404F04A14B24F0 /* CDVViewController+SplashScreen.m in Sources */,
				5D754C46F93D4441A70C0975 /* CDVInAppBrowser.m in Sources */,
				3F5E5FF4212C450488AA73BF /* WorkoutActivityConversion.m in Sources */,
				CB519781B0DF459BBA621620 /* HKHealthStore+AAPLExtensions.m in Sources */,
				45B1C8014F0745AF9B046C82 /* HealthKit.m in Sources */,
				DE1BBAE5B201423A9C930466 /* CDVFile.m in Sources */,
				7EA55D022A8942F2830AA7CA /* CDVLocalFilesystem.m in Sources */,
				F00037079C5345249E7566FB /* CDVAssetLibraryFilesystem.m in Sources */,
			);
			runOnlyForDeploymentPostprocessing = 0;
		};
/* End PBXSourcesBuildPhase section */

/* Begin PBXTargetDependency section */
		301BF551109A68C00062928A /* PBXTargetDependency */ = {
			isa = PBXTargetDependency;
			name = CordovaLib;
			targetProxy = 301BF550109A68C00062928A /* PBXContainerItemProxy */;
		};
/* End PBXTargetDependency section */

/* Begin XCBuildConfiguration section */
		1D6058940D05DD3E006BFB54 /* Debug */ = {
			isa = XCBuildConfiguration;
			baseConfigurationReference = 3047A50F1AB8059700498E2A /* build-debug.xcconfig */;
			buildSettings = {
				ALWAYS_SEARCH_USER_PATHS = NO;
				ASSETCATALOG_COMPILER_APPICON_NAME = AppIcon;
				ASSETCATALOG_COMPILER_LAUNCHIMAGE_NAME = LaunchImage;
				CLANG_ENABLE_MODULES = YES;
				CLANG_ENABLE_OBJC_ARC = YES;
				CODE_SIGN_IDENTITY = "iPhone Developer";
				CODE_SIGN_STYLE = Manual;
				COPY_PHASE_STRIP = NO;
				DEVELOPMENT_TEAM = KQL82SC8XS;
				GCC_DYNAMIC_NO_PIC = NO;
				GCC_OPTIMIZATION_LEVEL = 0;
				GCC_PRECOMPILE_PREFIX_HEADER = YES;
				GCC_PREFIX_HEADER = "Timelines/Timelines-Prefix.pch";
				GCC_THUMB_SUPPORT = NO;
				GCC_VERSION = "";
				INFOPLIST_FILE = "Timelines/Timelines-Info.plist";
				IPHONEOS_DEPLOYMENT_TARGET = 12.2;
				LD_RUNPATH_SEARCH_PATHS = "@executable_path/Frameworks";
				PRODUCT_NAME = Timelines;
				PROVISIONING_PROFILE_SPECIFIER = "Symptomatic Development";
				SWIFT_VERSION = 4.2;
				TARGETED_DEVICE_FAMILY = "1,2";
			};
			name = Debug;
		};
		1D6058950D05DD3E006BFB54 /* Release */ = {
			isa = XCBuildConfiguration;
			baseConfigurationReference = 3047A5101AB8059700498E2A /* build-release.xcconfig */;
			buildSettings = {
				ALWAYS_SEARCH_USER_PATHS = NO;
				ASSETCATALOG_COMPILER_APPICON_NAME = AppIcon;
				ASSETCATALOG_COMPILER_LAUNCHIMAGE_NAME = LaunchImage;
				CLANG_ENABLE_MODULES = YES;
				CLANG_ENABLE_OBJC_ARC = YES;
				CODE_SIGN_IDENTITY = "iPhone Distribution";
				CODE_SIGN_STYLE = Manual;
				COPY_PHASE_STRIP = YES;
				DEVELOPMENT_TEAM = KQL82SC8XS;
				GCC_PRECOMPILE_PREFIX_HEADER = YES;
				GCC_PREFIX_HEADER = "Timelines/Timelines-Prefix.pch";
				GCC_THUMB_SUPPORT = NO;
				GCC_VERSION = "";
				INFOPLIST_FILE = "Timelines/Timelines-Info.plist";
				IPHONEOS_DEPLOYMENT_TARGET = 12.2;
				LD_RUNPATH_SEARCH_PATHS = "@executable_path/Frameworks";
				PRODUCT_NAME = Timelines;
				PROVISIONING_PROFILE_SPECIFIER = "Timelines - TestFlight";
				SWIFT_VERSION = 4.2;
				TARGETED_DEVICE_FAMILY = "1,2";
			};
			name = Release;
		};
		C01FCF4F08A954540054247B /* Debug */ = {
			isa = XCBuildConfiguration;
			baseConfigurationReference = 3047A5111AB8059700498E2A /* build.xcconfig */;
			buildSettings = {
				ASSETCATALOG_COMPILER_LAUNCHIMAGE_NAME = LaunchImage;
				CLANG_ENABLE_MODULES = YES;
				CLANG_ENABLE_OBJC_ARC = YES;
				CLANG_WARN_BOOL_CONVERSION = YES;
				CLANG_WARN_CONSTANT_CONVERSION = YES;
				CLANG_WARN_EMPTY_BODY = YES;
				CLANG_WARN_ENUM_CONVERSION = YES;
				CLANG_WARN_INT_CONVERSION = YES;
				CLANG_WARN__DUPLICATE_METHOD_MATCH = YES;
				GCC_C_LANGUAGE_STANDARD = c99;
				GCC_THUMB_SUPPORT = NO;
				GCC_VERSION = "";
				GCC_WARN_ABOUT_RETURN_TYPE = YES;
				GCC_WARN_UNDECLARED_SELECTOR = YES;
				GCC_WARN_UNINITIALIZED_AUTOS = YES;
				GCC_WARN_UNUSED_FUNCTION = YES;
				GCC_WARN_UNUSED_VARIABLE = YES;
				ONLY_ACTIVE_ARCH = YES;
				SDKROOT = iphoneos;
				SKIP_INSTALL = NO;
				SWIFT_VERSION = 4.2;
			};
			name = Debug;
		};
		C01FCF5008A954540054247B /* Release */ = {
			isa = XCBuildConfiguration;
			baseConfigurationReference = 3047A5111AB8059700498E2A /* build.xcconfig */;
			buildSettings = {
				ASSETCATALOG_COMPILER_LAUNCHIMAGE_NAME = LaunchImage;
				CLANG_ENABLE_MODULES = YES;
				CLANG_ENABLE_OBJC_ARC = YES;
				CLANG_WARN_BOOL_CONVERSION = YES;
				CLANG_WARN_CONSTANT_CONVERSION = YES;
				CLANG_WARN_EMPTY_BODY = YES;
				CLANG_WARN_ENUM_CONVERSION = YES;
				CLANG_WARN_INT_CONVERSION = YES;
				CLANG_WARN__DUPLICATE_METHOD_MATCH = YES;
				GCC_C_LANGUAGE_STANDARD = c99;
				GCC_THUMB_SUPPORT = NO;
				GCC_VERSION = "";
				GCC_WARN_ABOUT_RETURN_TYPE = YES;
				GCC_WARN_UNDECLARED_SELECTOR = YES;
				GCC_WARN_UNINITIALIZED_AUTOS = YES;
				GCC_WARN_UNUSED_FUNCTION = YES;
				GCC_WARN_UNUSED_VARIABLE = YES;
				SDKROOT = iphoneos;
				SKIP_INSTALL = NO;
				SWIFT_VERSION = 4.2;
			};
			name = Release;
		};
/* End XCBuildConfiguration section */

/* Begin XCConfigurationList section */
		1D6058960D05DD3E006BFB54 /* Build configuration list for PBXNativeTarget "Timelines" */ = {
			isa = XCConfigurationList;
			buildConfigurations = (
				1D6058940D05DD3E006BFB54 /* Debug */,
				1D6058950D05DD3E006BFB54 /* Release */,
			);
			defaultConfigurationIsVisible = 0;
			defaultConfigurationName = Release;
		};
		C01FCF4E08A954540054247B /* Build configuration list for PBXProject "Timelines" */ = {
			isa = XCConfigurationList;
			buildConfigurations = (
				C01FCF4F08A954540054247B /* Debug */,
				C01FCF5008A954540054247B /* Release */,
			);
			defaultConfigurationIsVisible = 0;
			defaultConfigurationName = Release;
		};
/* End XCConfigurationList section */
	};
	rootObject = 29B97313FDCFA39411CA2CEA /* Project object */;
}
