{
  "dependencies": {
    "asap": {
      "version": "2.0.6",
      "resolved": "https://registry.npmjs.org/asap/-/asap-2.0.6.tgz",
      "from": "asap@>=2.0.3 <2.1.0"
    },
    "babel-runtime": {
      "version": "6.26.0",
      "resolved": "https://registry.npmjs.org/babel-runtime/-/babel-runtime-6.26.0.tgz",
      "from": "babel-runtime@>=6.11.6 <7.0.0"
    },
    "bowser": {
      "version": "1.7.3",
      "resolved": "https://registry.npmjs.org/bowser/-/bowser-1.7.3.tgz",
      "from": "bowser@>=1.0.0 <2.0.0"
    },
    "chain-function": {
      "version": "1.0.0",
      "resolved": "https://registry.npmjs.org/chain-function/-/chain-function-1.0.0.tgz",
      "from": "chain-function@>=1.0.0 <2.0.0"
    },
    "change-emitter": {
      "version": "0.1.6",
      "resolved": "https://registry.npmjs.org/change-emitter/-/change-emitter-0.1.6.tgz",
      "from": "change-emitter@>=0.1.2 <0.2.0"
    },
    "core-js": {
      "version": "2.5.1",
      "resolved": "https://registry.npmjs.org/core-js/-/core-js-2.5.1.tgz",
      "from": "core-js@>=2.4.0 <3.0.0"
    },
    "create-react-class": {
      "version": "15.6.0",
      "resolved": "https://registry.npmjs.org/create-react-class/-/create-react-class-15.6.0.tgz",
      "from": "create-react-class@>=15.5.2 <16.0.0"
    },
    "deep-equal": {
      "version": "1.0.1",
      "resolved": "https://registry.npmjs.org/deep-equal/-/deep-equal-1.0.1.tgz",
      "from": "deep-equal@>=1.0.0 <2.0.0"
    },
    "dom-helpers": {
      "version": "3.2.1",
      "resolved": "https://registry.npmjs.org/dom-helpers/-/dom-helpers-3.2.1.tgz",
      "from": "dom-helpers@>=3.2.0 <4.0.0"
    },
    "encoding": {
      "version": "0.1.12",
      "resolved": "https://registry.npmjs.org/encoding/-/encoding-0.1.12.tgz",
      "from": "encoding@>=0.1.11 <0.2.0"
    },
    "fbjs": {
      "version": "0.8.15",
      "resolved": "https://registry.npmjs.org/fbjs/-/fbjs-0.8.15.tgz",
      "from": "fbjs@>=0.8.4 <0.9.0",
      "dependencies": {
        "core-js": {
          "version": "1.2.7",
          "resolved": "https://registry.npmjs.org/core-js/-/core-js-1.2.7.tgz",
          "from": "core-js@>=1.0.0 <2.0.0"
        }
      }
    },
    "history": {
      "version": "2.1.2",
      "resolved": "https://registry.npmjs.org/history/-/history-2.1.2.tgz",
      "from": "history@>=2.1.2 <3.0.0",
      "dependencies": {
        "warning": {
          "version": "2.1.0",
          "resolved": "https://registry.npmjs.org/warning/-/warning-2.1.0.tgz",
          "from": "warning@>=2.0.0 <3.0.0"
        }
      }
    },
    "hoist-non-react-statics": {
      "version": "1.2.0",
      "resolved": "https://registry.npmjs.org/hoist-non-react-statics/-/hoist-non-react-statics-1.2.0.tgz",
      "from": "hoist-non-react-statics@>=1.0.0 <2.0.0"
    },
    "hyphenate-style-name": {
      "version": "1.0.2",
      "resolved": "https://registry.npmjs.org/hyphenate-style-name/-/hyphenate-style-name-1.0.2.tgz",
      "from": "hyphenate-style-name@>=1.0.1 <2.0.0"
    },
    "iconv-lite": {
      "version": "0.4.19",
      "resolved": "https://registry.npmjs.org/iconv-lite/-/iconv-lite-0.4.19.tgz",
      "from": "iconv-lite@>=0.4.13 <0.5.0"
    },
    "inline-style-prefixer": {
      "version": "2.0.5",
      "resolved": "https://registry.npmjs.org/inline-style-prefixer/-/inline-style-prefixer-2.0.5.tgz",
      "from": "inline-style-prefixer@>=2.0.1 <3.0.0"
    },
    "invariant": {
      "version": "2.2.2",
      "resolved": "https://registry.npmjs.org/invariant/-/invariant-2.2.2.tgz",
      "from": "invariant@>=2.2.1 <3.0.0"
    },
    "is-stream": {
      "version": "1.1.0",
      "resolved": "https://registry.npmjs.org/is-stream/-/is-stream-1.1.0.tgz",
      "from": "is-stream@>=1.0.1 <2.0.0"
    },
    "isomorphic-fetch": {
      "version": "2.2.1",
      "resolved": "https://registry.npmjs.org/isomorphic-fetch/-/isomorphic-fetch-2.2.1.tgz",
      "from": "isomorphic-fetch@>=2.1.1 <3.0.0"
    },
    "js-tokens": {
      "version": "3.0.2",
      "resolved": "https://registry.npmjs.org/js-tokens/-/js-tokens-3.0.2.tgz",
      "from": "js-tokens@>=3.0.0 <4.0.0"
    },
    "keycode": {
      "version": "2.1.9",
      "resolved": "https://registry.npmjs.org/keycode/-/keycode-2.1.9.tgz",
      "from": "keycode@>=2.1.1 <3.0.0"
    },
    "lodash.merge": {
      "version": "4.6.0",
      "resolved": "https://registry.npmjs.org/lodash.merge/-/lodash.merge-4.6.0.tgz",
      "from": "lodash.merge@>=4.6.0 <5.0.0"
    },
    "lodash.throttle": {
      "version": "4.1.1",
      "resolved": "https://registry.npmjs.org/lodash.throttle/-/lodash.throttle-4.1.1.tgz",
      "from": "lodash.throttle@>=4.1.1 <5.0.0"
    },
    "loose-envify": {
      "version": "1.3.1",
      "resolved": "https://registry.npmjs.org/loose-envify/-/loose-envify-1.3.1.tgz",
      "from": "loose-envify@>=1.3.1 <2.0.0"
    },
    "material-ui": {
      "version": "0.16.5",
      "resolved": "https://registry.npmjs.org/material-ui/-/material-ui-0.16.5.tgz",
      "from": "material-ui@0.16.5"
    },
    "node-fetch": {
      "version": "1.7.3",
      "resolved": "https://registry.npmjs.org/node-fetch/-/node-fetch-1.7.3.tgz",
      "from": "node-fetch@>=1.0.1 <2.0.0"
    },
    "object-assign": {
      "version": "4.1.1",
      "resolved": "https://registry.npmjs.org/object-assign/-/object-assign-4.1.1.tgz",
      "from": "object-assign@>=4.1.0 <5.0.0"
    },
    "performance-now": {
      "version": "0.2.0",
      "resolved": "https://registry.npmjs.org/performance-now/-/performance-now-0.2.0.tgz",
      "from": "performance-now@>=0.2.0 <0.3.0"
    },
    "promise": {
      "version": "7.3.1",
      "resolved": "https://registry.npmjs.org/promise/-/promise-7.3.1.tgz",
      "from": "promise@>=7.1.1 <8.0.0"
    },
    "prop-types": {
      "version": "15.5.10",
      "resolved": "https://registry.npmjs.org/prop-types/-/prop-types-15.5.10.tgz",
      "from": "prop-types@>=15.5.6 <16.0.0"
    },
    "query-string": {
      "version": "3.0.3",
      "resolved": "https://registry.npmjs.org/query-string/-/query-string-3.0.3.tgz",
      "from": "query-string@>=3.0.0 <4.0.0"
    },
    "raf": {
      "version": "3.3.2",
      "resolved": "https://registry.npmjs.org/raf/-/raf-3.3.2.tgz",
      "from": "raf@>=3.1.0 <4.0.0",
      "dependencies": {
        "performance-now": {
          "version": "2.1.0",
          "resolved": "https://registry.npmjs.org/performance-now/-/performance-now-2.1.0.tgz",
          "from": "performance-now@>=2.1.0 <3.0.0"
        }
      }
    },
    "react": {
      "version": "15.4.1",
      "resolved": "https://registry.npmjs.org/react/-/react-15.4.1.tgz",
      "from": "react@15.4.1"
    },
    "react-addons-create-fragment": {
      "version": "15.6.0",
      "resolved": "https://registry.npmjs.org/react-addons-create-fragment/-/react-addons-create-fragment-15.6.0.tgz",
      "from": "react-addons-create-fragment@>=15.0.0 <16.0.0"
    },
    "react-addons-transition-group": {
      "version": "15.6.0",
      "resolved": "https://registry.npmjs.org/react-addons-transition-group/-/react-addons-transition-group-15.6.0.tgz",
      "from": "react-addons-transition-group@>=15.0.0 <16.0.0"
    },
    "react-event-listener": {
      "version": "0.4.5",
      "resolved": "https://registry.npmjs.org/react-event-listener/-/react-event-listener-0.4.5.tgz",
      "from": "react-event-listener@>=0.4.0 <0.5.0"
    },
    "react-mixin": {
      "version": "3.0.5",
      "resolved": "https://registry.npmjs.org/react-mixin/-/react-mixin-3.0.5.tgz",
      "from": "react-mixin@3.0.5"
    },
    "react-motion": {
      "version": "0.4.8",
      "resolved": "https://registry.npmjs.org/react-motion/-/react-motion-0.4.8.tgz",
      "from": "react-motion@>=0.4.2 <0.5.0"
    },
    "react-router": {
      "version": "2.8.0",
      "resolved": "https://registry.npmjs.org/react-router/-/react-router-2.8.0.tgz",
      "from": "react-router@2.8.0"
    },
    "react-router-bootstrap": {
      "version": "0.20.1",
      "resolved": "https://registry.npmjs.org/react-router-bootstrap/-/react-router-bootstrap-0.20.1.tgz",
      "from": "react-router-bootstrap@0.20.1"
    },
    "react-router-transition": {
      "version": "0.0.6",
      "resolved": "https://registry.npmjs.org/react-router-transition/-/react-router-transition-0.0.6.tgz",
      "from": "react-router-transition@0.0.6"
    },
    "react-transition-group": {
      "version": "1.2.0",
      "resolved": "https://registry.npmjs.org/react-transition-group/-/react-transition-group-1.2.0.tgz",
      "from": "react-transition-group@>=1.2.0 <2.0.0"
    },
    "recompose": {
      "version": "0.20.2",
      "resolved": "https://registry.npmjs.org/recompose/-/recompose-0.20.2.tgz",
      "from": "recompose@>=0.20.2 <0.21.0"
    },
    "regenerator-runtime": {
      "version": "0.11.0",
      "resolved": "https://registry.npmjs.org/regenerator-runtime/-/regenerator-runtime-0.11.0.tgz",
      "from": "regenerator-runtime@>=0.11.0 <0.12.0"
    },
    "setimmediate": {
      "version": "1.0.5",
      "resolved": "https://registry.npmjs.org/setimmediate/-/setimmediate-1.0.5.tgz",
      "from": "setimmediate@>=1.0.5 <2.0.0"
    },
    "simple-assign": {
      "version": "0.1.0",
      "resolved": "https://registry.npmjs.org/simple-assign/-/simple-assign-0.1.0.tgz",
      "from": "simple-assign@>=0.1.0 <0.2.0"
    },
    "smart-mixin": {
      "version": "2.0.0",
      "resolved": "https://registry.npmjs.org/smart-mixin/-/smart-mixin-2.0.0.tgz",
      "from": "smart-mixin@>=2.0.0 <3.0.0"
    },
    "strict-uri-encode": {
      "version": "1.1.0",
      "resolved": "https://registry.npmjs.org/strict-uri-encode/-/strict-uri-encode-1.1.0.tgz",
      "from": "strict-uri-encode@>=1.0.0 <2.0.0"
    },
    "symbol-observable": {
      "version": "0.2.4",
      "resolved": "https://registry.npmjs.org/symbol-observable/-/symbol-observable-0.2.4.tgz",
      "from": "symbol-observable@>=0.2.4 <0.3.0"
    },
    "ua-parser-js": {
      "version": "0.7.14",
      "resolved": "https://registry.npmjs.org/ua-parser-js/-/ua-parser-js-0.7.14.tgz",
      "from": "ua-parser-js@>=0.7.9 <0.8.0"
    },
    "warning": {
      "version": "3.0.0",
      "resolved": "https://registry.npmjs.org/warning/-/warning-3.0.0.tgz",
      "from": "warning@>=3.0.0 <4.0.0"
    },
    "whatwg-fetch": {
      "version": "2.0.3",
      "resolved": "https://registry.npmjs.org/whatwg-fetch/-/whatwg-fetch-2.0.3.tgz",
      "from": "whatwg-fetch@>=0.10.0"
    }
  }
}
